Microsoft Visual Studio Solution File, Format Version 12.00
# Visual Studio Version 17
VisualStudioVersion = 17.5.2.0
MinimumVisualStudioVersion = 10.0.40219.1
Project("{FAE04EC0-301F-11D3-BF4B-00C04F79EFBC}") = "BSR", "BSR.csproj", "{71E354CA-66D9-96D0-292B-008FF34FBE05}"
EndProject
Global
	GlobalSection(SolutionConfigurationPlatforms) = preSolution
		Debug|Any CPU = Debug|Any CPU
		Release|Any CPU = Release|Any CPU
	EndGlobalSection
	GlobalSection(ProjectConfigurationPlatforms) = postSolution
		{71E354CA-66D9-96D0-292B-008FF34FBE05}.Debug|Any CPU.ActiveCfg = Debug|Any CPU
		{71E354CA-66D9-96D0-292B-008FF34FBE05}.Debug|Any CPU.Build.0 = Debug|Any CPU
		{71E354CA-66D9-96D0-292B-008FF34FBE05}.Release|Any CPU.ActiveCfg = Release|Any CPU
		{71E354CA-66D9-96D0-292B-008FF34FBE05}.Release|Any CPU.Build.0 = Release|Any CPU
	EndGlobalSection
	GlobalSection(SolutionProperties) = preSolution
		HideSolutionNode = FALSE
	EndGlobalSection
	GlobalSection(ExtensibilityGlobals) = postSolution
		SolutionGuid = {40F79334-DFD6-47A2-A8DB-AEA04CBBDB08}
	EndGlobalSection
EndGlobal
